
Microsoft Visual Studio Solution File, Format Version 12.00
# Visual Studio Version 16
VisualStudioVersion = 16.0.32106.194
MinimumVisualStudioVersion = 10.0.40219.1
Project("{FAE04EC0-301F-11D3-BF4B-00C04F79EFBC}") = "delegate_event", "delegate_event\delegate_event.csproj", "{381B1720-BC13-4AE8-9734-4CBF78507000}"
EndProject
Global
	GlobalSection(SolutionConfigurationPlatforms) = preSolution
		Debug|Any CPU = Debug|Any CPU
		Release|Any CPU = Release|Any CPU
	EndGlobalSection
	GlobalSection(ProjectConfigurationPlatforms) = postSolution
		{381B1720-BC13-4AE8-9734-4CBF78507000}.Debug|Any CPU.ActiveCfg = Debug|Any CPU
		{381B1720-BC13-4AE8-9734-4CBF78507000}.Debug|Any CPU.Build.0 = Debug|Any CPU
		{381B1720-BC13-4AE8-9734-4CBF78507000}.Release|Any CPU.ActiveCfg = Release|Any CPU
		{381B1720-BC13-4AE8-9734-4CBF78507000}.Release|Any CPU.Build.0 = Release|Any CPU
	EndGlobalSection
	GlobalSection(SolutionProperties) = preSolution
		HideSolutionNode = FALSE
	EndGlobalSection
	GlobalSection(ExtensibilityGlobals) = postSolution
		SolutionGuid = {F0C74A06-E087-4552-8AF2-04D8194A7D0F}
	EndGlobalSection
EndGlobal
